
Microsoft Visual Studio Solution File, Format Version 12.00
# Visual Studio Version 16
VisualStudioVersion = 16.0.30413.136
MinimumVisualStudioVersion = 10.0.40219.1
Project("{FAE04EC0-301F-11D3-BF4B-00C04F79EFBC}") = "BMICalculator", "BMLCalculator\BMICalculator.csproj", "{AEE0AB59-33FD-4DBE-8FAB-5E7E7C560AD5}"
EndProject
Project("{FAE04EC0-301F-11D3-BF4B-00C04F79EFBC}") = "MonthYearCalculator", "MonthYearCalculator\MonthYearCalculator.csproj", "{74399902-D15E-4208-B7F1-5BA8F0BBB9B6}"
EndProject
Project("{FAE04EC0-301F-11D3-BF4B-00C04F79EFBC}") = "WeekDays", "WeekDays\WeekDays.csproj", "{3538386C-E86D-4087-98A2-8CBE31E8B5D9}"
EndProject
Project("{FAE04EC0-301F-11D3-BF4B-00C04F79EFBC}") = "Switch", "Switch\Switch.csproj", "{4D18D651-2900-4C48-9E29-D1E7E054607E}"
EndProject
Project("{FAE04EC0-301F-11D3-BF4B-00C04F79EFBC}") = "TestFeedBack", "TestFeedBack\TestFeedBack.csproj", "{5B0D6C65-8A88-4CA6-A5FE-555B4AE142C7}"
EndProject
Global
	GlobalSection(SolutionConfigurationPlatforms) = preSolution
		Debug|Any CPU = Debug|Any CPU
		Release|Any CPU = Release|Any CPU
	EndGlobalSection
	GlobalSection(ProjectConfigurationPlatforms) = postSolution
		{AEE0AB59-33FD-4DBE-8FAB-5E7E7C560AD5}.Debug|Any CPU.ActiveCfg = Debug|Any CPU
		{AEE0AB59-33FD-4DBE-8FAB-5E7E7C560AD5}.Debug|Any CPU.Build.0 = Debug|Any CPU
		{AEE0AB59-33FD-4DBE-8FAB-5E7E7C560AD5}.Release|Any CPU.ActiveCfg = Release|Any CPU
		{AEE0AB59-33FD-4DBE-8FAB-5E7E7C560AD5}.Release|Any CPU.Build.0 = Release|Any CPU
		{74399902-D15E-4208-B7F1-5BA8F0BBB9B6}.Debug|Any CPU.ActiveCfg = Debug|Any CPU
		{74399902-D15E-4208-B7F1-5BA8F0BBB9B6}.Debug|Any CPU.Build.0 = Debug|Any CPU
		{74399902-D15E-4208-B7F1-5BA8F0BBB9B6}.Release|Any CPU.ActiveCfg = Release|Any CPU
		{74399902-D15E-4208-B7F1-5BA8F0BBB9B6}.Release|Any CPU.Build.0 = Release|Any CPU
		{3538386C-E86D-4087-98A2-8CBE31E8B5D9}.Debug|Any CPU.ActiveCfg = Debug|Any CPU
		{3538386C-E86D-4087-98A2-8CBE31E8B5D9}.Debug|Any CPU.Build.0 = Debug|Any CPU
		{3538386C-E86D-4087-98A2-8CBE31E8B5D9}.Release|Any CPU.ActiveCfg = Release|Any CPU
		{3538386C-E86D-4087-98A2-8CBE31E8B5D9}.Release|Any CPU.Build.0 = Release|Any CPU
		{4D18D651-2900-4C48-9E29-D1E7E054607E}.Debug|Any CPU.ActiveCfg = Debug|Any CPU
		{4D18D651-2900-4C48-9E29-D1E7E054607E}.Debug|Any CPU.Build.0 = Debug|Any CPU
		{4D18D651-2900-4C48-9E29-D1E7E054607E}.Release|Any CPU.ActiveCfg = Release|Any CPU
		{4D18D651-2900-4C48-9E29-D1E7E054607E}.Release|Any CPU.Build.0 = Release|Any CPU
		{5B0D6C65-8A88-4CA6-A5FE-555B4AE142C7}.Debug|Any CPU.ActiveCfg = Debug|Any CPU
		{5B0D6C65-8A88-4CA6-A5FE-555B4AE142C7}.Debug|Any CPU.Build.0 = Debug|Any CPU
		{5B0D6C65-8A88-4CA6-A5FE-555B4AE142C7}.Release|Any CPU.ActiveCfg = Release|Any CPU
		{5B0D6C65-8A88-4CA6-A5FE-555B4AE142C7}.Release|Any CPU.Build.0 = Release|Any CPU
	EndGlobalSection
	GlobalSection(SolutionProperties) = preSolution
		HideSolutionNode = FALSE
	EndGlobalSection
	GlobalSection(ExtensibilityGlobals) = postSolution
		SolutionGuid = {BA8E67B4-90D2-472F-8ED6-0D31BFF7BBD2}
	EndGlobalSection
EndGlobal
